// !$*UTF8*$!
{
	archiveVersion = 1;
	classes = {
	};
	objectVersion = 77;
	objects = {

/* Begin PBXBuildFile section */
		A82067A22FBDBA6400363D6B /* SDWebImageSwiftUI in Frameworks */ = {isa = PBXBuildFile; productRef = A82067A12FBDBA6400363D6B /* SDWebImageSwiftUI */; };
		A82959AD2FBF8ED400BAA8B1 /* CoreModels in Frameworks */ = {isa = PBXBuildFile; productRef = A82959AC2FBF8ED400BAA8B1 /* CoreModels */; };
		A82959B12FC03BB700BAA8B1 /* DesignSystem in Frameworks */ = {isa = PBXBuildFile; productRef = A82959B02FC03BB700BAA8B1 /* DesignSystem */; };
		A8903B852FBCA69C002DADC3 /* Networking in Frameworks */ = {isa = PBXBuildFile; productRef = A8903B842FBCA69C002DADC3 /* Networking */; };
		A8903B872FBCA6A2002DADC3 /* Commons in Frameworks */ = {isa = PBXBuildFile; productRef = A8903B862FBCA6A2002DADC3 /* Commons */; };
		A8903B892FBCA6A5002DADC3 /* MoviesListModule in Frameworks */ = {isa = PBXBuildFile; productRef = A8903B882FBCA6A5002DADC3 /* MoviesListModule */; };
		A8BF4B4B2FBF0DD200F09379 /* LocalStorage in Frameworks */ = {isa = PBXBuildFile; productRef = A8BF4B4A2FBF0DD200F09379 /* LocalStorage */; };
/* End PBXBuildFile section */

/* Begin PBXFileReference section */
		A82959AB2FBF8CC400BAA8B1 /* CoreModels */ = {isa = PBXFileReference; lastKnownFileType = wrapper; path = CoreModels; sourceTree = "<group>"; };
		A82959AF2FC03A2500BAA8B1 /* DesignSystem */ = {isa = PBXFileReference; lastKnownFileType = wrapper; path = DesignSystem; sourceTree = "<group>"; };
		A8903B6E2FBB640A002DADC3 /* MovieAppTask.app */ = {isa = PBXFileReference; explicitFileType = wrapper.application; includeInIndex = 0; path = MovieAppTask.app; sourceTree = BUILT_PRODUCTS_DIR; };
		A8903B7C2FBB659A002DADC3 /* Networking */ = {isa = PBXFileReference; lastKnownFileType = wrapper; path = Networking; sourceTree = "<group>"; };
		A8903B7E2FBB7898002DADC3 /* Commons */ = {isa = PBXFileReference; lastKnownFileType = wrapper; path = Commons; sourceTree = "<group>"; };
		A8BF4ADA2FBEF6EB00F09379 /* LocalStorage */ = {isa = PBXFileReference; lastKnownFileType = wrapper; path = LocalStorage; sourceTree = "<group>"; };
/* End PBXFileReference section */

/* Begin PBXFileSystemSynchronizedBuildFileExceptionSet section */
		A8903B822FBB9DAA002DADC3 /* Exceptions for "MovieAppTask" folder in "MovieAppTask" target */ = {
			isa = PBXFileSystemSynchronizedBuildFileExceptionSet;
			membershipExceptions = (
				Modules/MoviesListModule,
			);
			target = A8903B6D2FBB640A002DADC3 /* MovieAppTask */;
		};
/* End PBXFileSystemSynchronizedBuildFileExceptionSet section */

/* Begin PBXFileSystemSynchronizedRootGroup section */
		A8903B702FBB640A002DADC3 /* MovieAppTask */ = {
			isa = PBXFileSystemSynchronizedRootGroup;
			exceptions = (
				A8903B822FBB9DAA002DADC3 /* Exceptions for "MovieAppTask" folder in "MovieAppTask" target */,
			);
			path = MovieAppTask;
			sourceTree = "<group>";
		};
/* End PBXFileSystemSynchronizedRootGroup section */

/* Begin PBXFrameworksBuildPhase section */
		A8903B6B2FBB640A002DADC3 /* Frameworks */ = {
			isa = PBXFrameworksBuildPhase;
			buildActionMask = 2147483647;
			files = (
				A8BF4B4B2FBF0DD200F09379 /* LocalStorage in Frameworks */,
				A82067A22FBDBA6400363D6B /* SDWebImageSwiftUI in Frameworks */,
				A82959B12FC03BB700BAA8B1 /* DesignSystem in Frameworks */,
				A8903B852FBCA69C002DADC3 /* Networking in Frameworks */,
				A82959AD2FBF8ED400BAA8B1 /* CoreModels in Frameworks */,
				A8903B892FBCA6A5002DADC3 /* MoviesListModule in Frameworks */,
				A8903B872FBCA6A2002DADC3 /* Commons in Frameworks */,
			);
			runOnlyForDeploymentPostprocessing = 0;
		};
/* End PBXFrameworksBuildPhase section */

/* Begin PBXGroup section */
		A8903B652FBB640A002DADC3 = {
			isa = PBXGroup;
			children = (
				A82959AF2FC03A2500BAA8B1 /* DesignSystem */,
				A82959AB2FBF8CC400BAA8B1 /* CoreModels */,
				A8BF4ADA2FBEF6EB00F09379 /* LocalStorage */,
				A8903B7E2FBB7898002DADC3 /* Commons */,
				A8903B7C2FBB659A002DADC3 /* Networking */,
				A8903B702FBB640A002DADC3 /* MovieAppTask */,
				A8903B832FBCA69C002DADC3 /* Frameworks */,
				A8903B6F2FBB640A002DADC3 /* Products */,
			);
			sourceTree = "<group>";
		};
		A8903B6F2FBB640A002DADC3 /* Products */ = {
			isa = PBXGroup;
			children = (
				A8903B6E2FBB640A002DADC3 /* MovieAppTask.app */,
			);
			name = Products;
			sourceTree = "<group>";
		};
		A8903B832FBCA69C002DADC3 /* Frameworks */ = {
			isa = PBXGroup;
			children = (
			);
			name = Frameworks;
			sourceTree = "<group>";
		};
/* End PBXGroup section */

/* Begin PBXNativeTarget section */
		A8903B6D2FBB640A002DADC3 /* MovieAppTask */ = {
			isa = PBXNativeTarget;
			buildConfigurationList = A8903B792FBB640C002DADC3 /* Build configuration list for PBXNativeTarget "MovieAppTask" */;
			buildPhases = (
				A8903B6A2FBB640A002DADC3 /* Sources */,
				A8903B6B2FBB640A002DADC3 /* Frameworks */,
				A8903B6C2FBB640A002DADC3 /* Resources */,
			);
			buildRules = (
			);
			dependencies = (
			);
			fileSystemSynchronizedGroups = (
				A8903B702FBB640A002DADC3 /* MovieAppTask */,
			);
			name = MovieAppTask;
			packageProductDependencies = (
				A8903B842FBCA69C002DADC3 /* Networking */,
				A8903B862FBCA6A2002DADC3 /* Commons */,
				A8903B882FBCA6A5002DADC3 /* MoviesListModule */,
				A82067A12FBDBA6400363D6B /* SDWebImageSwiftUI */,
				A8BF4B4A2FBF0DD200F09379 /* LocalStorage */,
				A82959AC2FBF8ED400BAA8B1 /* CoreModels */,
				A82959B02FC03BB700BAA8B1 /* DesignSystem */,
			);
			productName = MovieAppTask;
			productReference = A8903B6E2FBB640A002DADC3 /* MovieAppTask.app */;
			productType = "com.apple.product-type.application";
		};
/* End PBXNativeTarget section */

/* Begin PBXProject section */
		A8903B662FBB640A002DADC3 /* Project object */ = {
			isa = PBXProject;
			attributes = {
				BuildIndependentTargetsInParallel = 1;
				LastSwiftUpdateCheck = 2600;
				LastUpgradeCheck = 2600;
				TargetAttributes = {
					A8903B6D2FBB640A002DADC3 = {
						CreatedOnToolsVersion = 26.0.1;
					};
				};
			};
			buildConfigurationList = A8903B692FBB640A002DADC3 /* Build configuration list for PBXProject "MovieAppTask" */;
			developmentRegion = en;
			hasScannedForEncodings = 0;
			knownRegions = (
				en,
				Base,
			);
			mainGroup = A8903B652FBB640A002DADC3;
			minimizedProjectReferenceProxies = 1;
			packageReferences = (
				A82067A02FBDBA6400363D6B /* XCRemoteSwiftPackageReference "SDWebImageSwiftUI" */,
			);
			preferredProjectObjectVersion = 77;
			productRefGroup = A8903B6F2FBB640A002DADC3 /* Products */;
			projectDirPath = "";
			projectRoot = "";
			targets = (
				A8903B6D2FBB640A002DADC3 /* MovieAppTask */,
			);
		};
/* End PBXProject section */

/* Begin PBXResourcesBuildPhase section */
		A8903B6C2FBB640A002DADC3 /* Resources */ = {
			isa = PBXResourcesBuildPhase;
			buildActionMask = 2147483647;
			files = (
			);
			runOnlyForDeploymentPostprocessing = 0;
		};
/* End PBXResourcesBuildPhase section */

/* Begin PBXSourcesBuildPhase section */
		A8903B6A2FBB640A002DADC3 /* Sources */ = {
			isa = PBXSourcesBuildPhase;
			buildActionMask = 2147483647;
			files = (
			);
			runOnlyForDeploymentPostprocessing = 0;
		};
/* End PBXSourcesBuildPhase section */

/* Begin XCBuildConfiguration section */
		A8903B772FBB640C002DADC3 /* Debug */ = {
			isa = XCBuildConfiguration;
			buildSettings = {
				ALWAYS_SEARCH_USER_PATHS = NO;
				ASSETCATALOG_COMPILER_GENERATE_SWIFT_ASSET_SYMBOL_EXTENSIONS = YES;
				CLANG_ANALYZER_NONNULL = YES;
				CLANG_ANALYZER_NUMBER_OBJECT_CONVERSION = YES_AGGRESSIVE;
				CLANG_CXX_LANGUAGE_STANDARD = "gnu++20";
				CLANG_ENABLE_MODULES = YES;
				CLANG_ENABLE_OBJC_ARC = YES;
				CLANG_ENABLE_OBJC_WEAK = YES;
				CLANG_WARN_BLOCK_CAPTURE_AUTORELEASING = YES;
				CLANG_WARN_BOOL_CONVERSION = YES;
				CLANG_WARN_COMMA = YES;
				CLANG_WARN_CONSTANT_CONVERSION = YES;
				CLANG_WARN_DEPRECATED_OBJC_IMPLEMENTATIONS = YES;
				CLANG_WARN_DIRECT_OBJC_ISA_USAGE = YES_ERROR;
				CLANG_WARN_DOCUMENTATION_COMMENTS = YES;
				CLANG_WARN_EMPTY_BODY = YES;
				CLANG_WARN_ENUM_CONVERSION = YES;
				CLANG_WARN_INFINITE_RECURSION = YES;
				CLANG_WARN_INT_CONVERSION = YES;
				CLANG_WARN_NON_LITERAL_NULL_CONVERSION = YES;
				CLANG_WARN_OBJC_IMPLICIT_RETAIN_SELF = YES;
				CLANG_WARN_OBJC_LITERAL_CONVERSION = YES;
				CLANG_WARN_OBJC_ROOT_CLASS = YES_ERROR;
				CLANG_WARN_QUOTED_INCLUDE_IN_FRAMEWORK_HEADER = YES;
				CLANG_WARN_RANGE_LOOP_ANALYSIS = YES;
				CLANG_WARN_STRICT_PROTOTYPES = YES;
				CLANG_WARN_SUSPICIOUS_MOVE = YES;
				CLANG_WARN_UNGUARDED_AVAILABILITY = YES_AGGRESSIVE;
				CLANG_WARN_UNREACHABLE_CODE = YES;
				CLANG_WARN__DUPLICATE_METHOD_MATCH = YES;
				COPY_PHASE_STRIP = NO;
				DEBUG_INFORMATION_FORMAT = dwarf;
				DEVELOPMENT_TEAM = 62K6D2M8NR;
				ENABLE_STRICT_OBJC_MSGSEND = YES;
				ENABLE_TESTABILITY = YES;
				ENABLE_USER_SCRIPT_SANDBOXING = YES;
				GCC_C_LANGUAGE_STANDARD = gnu17;
				GCC_DYNAMIC_NO_PIC = NO;
				GCC_NO_COMMON_BLOCKS = YES;
				GCC_OPTIMIZATION_LEVEL = 0;
				GCC_PREPROCESSOR_DEFINITIONS = (
					"DEBUG=1",
					"$(inherited)",
				);
				GCC_WARN_64_TO_32_BIT_CONVERSION = YES;
				GCC_WARN_ABOUT_RETURN_TYPE = YES_ERROR;
				GCC_WARN_UNDECLARED_SELECTOR = YES;
				GCC_WARN_UNINITIALIZED_AUTOS = YES_AGGRESSIVE;
				GCC_WARN_UNUSED_FUNCTION = YES;
				GCC_WARN_UNUSED_VARIABLE = YES;
				IPHONEOS_DEPLOYMENT_TARGET = 26.0;
				LOCALIZATION_PREFERS_STRING_CATALOGS = YES;
				MTL_ENABLE_DEBUG_INFO = INCLUDE_SOURCE;
				MTL_FAST_MATH = YES;
				ONLY_ACTIVE_ARCH = YES;
				SDKROOT = iphoneos;
				SWIFT_ACTIVE_COMPILATION_CONDITIONS = "DEBUG $(inherited)";
				SWIFT_OPTIMIZATION_LEVEL = "-Onone";
			};
			name = Debug;
		};
		A8903B782FBB640C002DADC3 /* Release */ = {
			isa = XCBuildConfiguration;
			buildSettings = {
				ALWAYS_SEARCH_USER_PATHS = NO;
				ASSETCATALOG_COMPILER_GENERATE_SWIFT_ASSET_SYMBOL_EXTENSIONS = YES;
				CLANG_ANALYZER_NONNULL = YES;
				CLANG_ANALYZER_NUMBER_OBJECT_CONVERSION = YES_AGGRESSIVE;
				CLANG_CXX_LANGUAGE_STANDARD = "gnu++20";
				CLANG_ENABLE_MODULES = YES;
				CLANG_ENABLE_OBJC_ARC = YES;
				CLANG_ENABLE_OBJC_WEAK = YES;
				CLANG_WARN_BLOCK_CAPTURE_AUTORELEASING = YES;
				CLANG_WARN_BOOL_CONVERSION = YES;
				CLANG_WARN_COMMA = YES;
				CLANG_WARN_CONSTANT_CONVERSION = YES;
				CLANG_WARN_DEPRECATED_OBJC_IMPLEMENTATIONS = YES;
				CLANG_WARN_DIRECT_OBJC_ISA_USAGE = YES_ERROR;
				CLANG_WARN_DOCUMENTATION_COMMENTS = YES;
				CLANG_WARN_EMPTY_BODY = YES;
				CLANG_WARN_ENUM_CONVERSION = YES;
				CLANG_WARN_INFINITE_RECURSION = YES;
				CLANG_WARN_INT_CONVERSION = YES;
				CLANG_WARN_NON_LITERAL_NULL_CONVERSION = YES;
				CLANG_WARN_OBJC_IMPLICIT_RETAIN_SELF = YES;
				CLANG_WARN_OBJC_LITERAL_CONVERSION = YES;
				CLANG_WARN_OBJC_ROOT_CLASS = YES_ERROR;
				CLANG_WARN_QUOTED_INCLUDE_IN_FRAMEWORK_HEADER = YES;
				CLANG_WARN_RANGE_LOOP_ANALYSIS = YES;
				CLANG_WARN_STRICT_PROTOTYPES = YES;
				CLANG_WARN_SUSPICIOUS_MOVE = YES;
				CLANG_WARN_UNGUARDED_AVAILABILITY = YES_AGGRESSIVE;
				CLANG_WARN_UNREACHABLE_CODE = YES;
				CLANG_WARN__DUPLICATE_METHOD_MATCH = YES;
				COPY_PHASE_STRIP = NO;
				DEBUG_INFORMATION_FORMAT = "dwarf-with-dsym";
				DEVELOPMENT_TEAM = 62K6D2M8NR;
				ENABLE_NS_ASSERTIONS = NO;
				ENABLE_STRICT_OBJC_MSGSEND = YES;
				ENABLE_USER_SCRIPT_SANDBOXING = YES;
				GCC_C_LANGUAGE_STANDARD = gnu17;
				GCC_NO_COMMON_BLOCKS = YES;
				GCC_WARN_64_TO_32_BIT_CONVERSION = YES;
				GCC_WARN_ABOUT_RETURN_TYPE = YES_ERROR;
				GCC_WARN_UNDECLARED_SELECTOR = YES;
				GCC_WARN_UNINITIALIZED_AUTOS = YES_AGGRESSIVE;
				GCC_WARN_UNUSED_FUNCTION = YES;
				GCC_WARN_UNUSED_VARIABLE = YES;
				IPHONEOS_DEPLOYMENT_TARGET = 26.0;
				LOCALIZATION_PREFERS_STRING_CATALOGS = YES;
				MTL_ENABLE_DEBUG_INFO = NO;
				MTL_FAST_MATH = YES;
				SDKROOT = iphoneos;
				SWIFT_COMPILATION_MODE = wholemodule;
				VALIDATE_PRODUCT = YES;
			};
			name = Release;
		};
		A8903B7A2FBB640C002DADC3 /* Debug */ = {
			isa = XCBuildConfiguration;
			buildSettings = {
				ASSETCATALOG_COMPILER_APPICON_NAME = AppIcon;
				ASSETCATALOG_COMPILER_GLOBAL_ACCENT_COLOR_NAME = AccentColor;
				CODE_SIGN_STYLE = Automatic;
				CURRENT_PROJECT_VERSION = 1;
				DEVELOPMENT_TEAM = 62K6D2M8NR;
				ENABLE_PREVIEWS = YES;
				GENERATE_INFOPLIST_FILE = YES;
				INFOPLIST_KEY_UIApplicationSceneManifest_Generation = YES;
				INFOPLIST_KEY_UIApplicationSupportsIndirectInputEvents = YES;
				INFOPLIST_KEY_UILaunchScreen_Generation = YES;
				INFOPLIST_KEY_UISupportedInterfaceOrientations = UIInterfaceOrientationPortrait;
				IPHONEOS_DEPLOYMENT_TARGET = 17.6;
				LD_RUNPATH_SEARCH_PATHS = (
					"$(inherited)",
					"@executable_path/Frameworks",
				);
				MARKETING_VERSION = 1.0;
				PRODUCT_BUNDLE_IDENTIFIER = mo.MovieAppTask;
				PRODUCT_NAME = "$(TARGET_NAME)";
				STRING_CATALOG_GENERATE_SYMBOLS = YES;
				SUPPORTED_PLATFORMS = "iphoneos iphonesimulator";
				SUPPORTS_MACCATALYST = NO;
				SUPPORTS_MAC_DESIGNED_FOR_IPHONE_IPAD = NO;
				SUPPORTS_XR_DESIGNED_FOR_IPHONE_IPAD = NO;
				SWIFT_APPROACHABLE_CONCURRENCY = YES;
				SWIFT_DEFAULT_ACTOR_ISOLATION = MainActor;
				SWIFT_EMIT_LOC_STRINGS = YES;
				SWIFT_UPCOMING_FEATURE_MEMBER_IMPORT_VISIBILITY = YES;
				SWIFT_VERSION = 5.0;
				TARGETED_DEVICE_FAMILY = 1;
			};
			name = Debug;
		};
		A8903B7B2FBB640C002DADC3 /* Release */ = {
			isa = XCBuildConfiguration;
			buildSettings = {
				ASSETCATALOG_COMPILER_APPICON_NAME = AppIcon;
				ASSETCATALOG_COMPILER_GLOBAL_ACCENT_COLOR_NAME = AccentColor;
				CODE_SIGN_STYLE = Automatic;
				CURRENT_PROJECT_VERSION = 1;
				DEVELOPMENT_TEAM = 62K6D2M8NR;
				ENABLE_PREVIEWS = YES;
				GENERATE_INFOPLIST_FILE = YES;
				INFOPLIST_KEY_UIApplicationSceneManifest_Generation = YES;
				INFOPLIST_KEY_UIApplicationSupportsIndirectInputEvents = YES;
				INFOPLIST_KEY_UILaunchScreen_Generation = YES;
				INFOPLIST_KEY_UISupportedInterfaceOrientations = UIInterfaceOrientationPortrait;
				IPHONEOS_DEPLOYMENT_TARGET = 17.6;
				LD_RUNPATH_SEARCH_PATHS = (
					"$(inherited)",
					"@executable_path/Frameworks",
				);
				MARKETING_VERSION = 1.0;
				PRODUCT_BUNDLE_IDENTIFIER = mo.MovieAppTask;
				PRODUCT_NAME = "$(TARGET_NAME)";
				STRING_CATALOG_GENERATE_SYMBOLS = YES;
				SUPPORTED_PLATFORMS = "iphoneos iphonesimulator";
				SUPPORTS_MACCATALYST = NO;
				SUPPORTS_MAC_DESIGNED_FOR_IPHONE_IPAD = NO;
				SUPPORTS_XR_DESIGNED_FOR_IPHONE_IPAD = NO;
				SWIFT_APPROACHABLE_CONCURRENCY = YES;
				SWIFT_DEFAULT_ACTOR_ISOLATION = MainActor;
				SWIFT_EMIT_LOC_STRINGS = YES;
				SWIFT_UPCOMING_FEATURE_MEMBER_IMPORT_VISIBILITY = YES;
				SWIFT_VERSION = 5.0;
				TARGETED_DEVICE_FAMILY = 1;
			};
			name = Release;
		};
/* End XCBuildConfiguration section */

/* Begin XCConfigurationList section */
		A8903B692FBB640A002DADC3 /* Build configuration list for PBXProject "MovieAppTask" */ = {
			isa = XCConfigurationList;
			buildConfigurations = (
				A8903B772FBB640C002DADC3 /* Debug */,
				A8903B782FBB640C002DADC3 /* Release */,
			);
			defaultConfigurationIsVisible = 0;
			defaultConfigurationName = Release;
		};
		A8903B792FBB640C002DADC3 /* Build configuration list for PBXNativeTarget "MovieAppTask" */ = {
			isa = XCConfigurationList;
			buildConfigurations = (
				A8903B7A2FBB640C002DADC3 /* Debug */,
				A8903B7B2FBB640C002DADC3 /* Release */,
			);
			defaultConfigurationIsVisible = 0;
			defaultConfigurationName = Release;
		};
/* End XCConfigurationList section */

/* Begin XCRemoteSwiftPackageReference section */
		A82067A02FBDBA6400363D6B /* XCRemoteSwiftPackageReference "SDWebImageSwiftUI" */ = {
			isa = XCRemoteSwiftPackageReference;
			repositoryURL = "https://github.com/SDWebImage/SDWebImageSwiftUI.git";
			requirement = {
				kind = upToNextMajorVersion;
				minimumVersion = 3.1.4;
			};
		};
/* End XCRemoteSwiftPackageReference section */

/* Begin XCSwiftPackageProductDependency section */
		A82067A12FBDBA6400363D6B /* SDWebImageSwiftUI */ = {
			isa = XCSwiftPackageProductDependency;
			package = A82067A02FBDBA6400363D6B /* XCRemoteSwiftPackageReference "SDWebImageSwiftUI" */;
			productName = SDWebImageSwiftUI;
		};
		A82959AC2FBF8ED400BAA8B1 /* CoreModels */ = {
			isa = XCSwiftPackageProductDependency;
			productName = CoreModels;
		};
		A82959B02FC03BB700BAA8B1 /* DesignSystem */ = {
			isa = XCSwiftPackageProductDependency;
			productName = DesignSystem;
		};
		A8903B842FBCA69C002DADC3 /* Networking */ = {
			isa = XCSwiftPackageProductDependency;
			productName = Networking;
		};
		A8903B862FBCA6A2002DADC3 /* Commons */ = {
			isa = XCSwiftPackageProductDependency;
			productName = Commons;
		};
		A8903B882FBCA6A5002DADC3 /* MoviesListModule */ = {
			isa = XCSwiftPackageProductDependency;
			productName = MoviesListModule;
		};
		A8BF4B4A2FBF0DD200F09379 /* LocalStorage */ = {
			isa = XCSwiftPackageProductDependency;
			productName = LocalStorage;
		};
/* End XCSwiftPackageProductDependency section */
	};
	rootObject = A8903B662FBB640A002DADC3 /* Project object */;
}
